// !$*UTF8*$!
{
	archiveVersion = 1;
	classes = {
	};
	objectVersion = 50;
	objects = {

/* Begin PBXBuildFile section */
		CB34E7EAE109E80656DE0F51 /* Pods_speed_d8ting.framework in Frameworks */ = {isa = PBXBuildFile; fileRef = 64B53DFB0CA8C79D720DEC29 /* Pods_speed_d8ting.framework */; };
		CB41FBB621FBF8FD0089B7D9 /* AppDelegate.swift in Sources */ = {isa = PBXBuildFile; fileRef = CB41FBB521FBF8FD0089B7D9 /* AppDelegate.swift */; };
		CB41FBB821FBF8FD0089B7D9 /* ViewController.swift in Sources */ = {isa = PBXBuildFile; fileRef = CB41FBB721FBF8FD0089B7D9 /* ViewController.swift */; };
		CB41FBBB21FBF8FD0089B7D9 /* Main.storyboard in Resources */ = {isa = PBXBuildFile; fileRef = CB41FBB921FBF8FD0089B7D9 /* Main.storyboard */; };
		CB41FBBD21FBF9000089B7D9 /* Assets.xcassets in Resources */ = {isa = PBXBuildFile; fileRef = CB41FBBC21FBF9000089B7D9 /* Assets.xcassets */; };
		CB41FBC021FBF9000089B7D9 /* LaunchScreen.storyboard in Resources */ = {isa = PBXBuildFile; fileRef = CB41FBBE21FBF9000089B7D9 /* LaunchScreen.storyboard */; };
		CB41FBC821FBF9710089B7D9 /* DatingViewController.swift in Sources */ = {isa = PBXBuildFile; fileRef = CB41FBC721FBF9710089B7D9 /* DatingViewController.swift */; };
		CB41FBD621FCFD8F0089B7D9 /* tessdata in Resources */ = {isa = PBXBuildFile; fileRef = CB41FBD521FCFD8F0089B7D9 /* tessdata */; };
/* End PBXBuildFile section */

/* Begin PBXFileReference section */
		64B53DFB0CA8C79D720DEC29 /* Pods_speed_d8ting.framework */ = {isa = PBXFileReference; explicitFileType = wrapper.framework; includeInIndex = 0; path = Pods_speed_d8ting.framework; sourceTree = BUILT_PRODUCTS_DIR; };
		85B3F29E83CA384570229EE0 /* Pods-speed_d8ting.release.xcconfig */ = {isa = PBXFileReference; includeInIndex = 1; lastKnownFileType = text.xcconfig; name = "Pods-speed_d8ting.release.xcconfig"; path = "Pods/Target Support Files/Pods-speed_d8ting/Pods-speed_d8ting.release.xcconfig"; sourceTree = "<group>"; };
		A4E3E593F13AEDEFC2D7E954 /* Pods-speed_d8ting.debug.xcconfig */ = {isa = PBXFileReference; includeInIndex = 1; lastKnownFileType = text.xcconfig; name = "Pods-speed_d8ting.debug.xcconfig"; path = "Pods/Target Support Files/Pods-speed_d8ting/Pods-speed_d8ting.debug.xcconfig"; sourceTree = "<group>"; };
		CB41FBB221FBF8FD0089B7D9 /* speed_d8ting.app */ = {isa = PBXFileReference; explicitFileType = wrapper.application; includeInIndex = 0; path = speed_d8ting.app; sourceTree = BUILT_PRODUCTS_DIR; };
		CB41FBB521FBF8FD0089B7D9 /* AppDelegate.swift */ = {isa = PBXFileReference; lastKnownFileType = sourcecode.swift; path = AppDelegate.swift; sourceTree = "<group>"; };
		CB41FBB721FBF8FD0089B7D9 /* ViewController.swift */ = {isa = PBXFileReference; lastKnownFileType = sourcecode.swift; path = ViewController.swift; sourceTree = "<group>"; };
		CB41FBBA21FBF8FD0089B7D9 /* Base */ = {isa = PBXFileReference; lastKnownFileType = file.storyboard; name = Base; path = Base.lproj/Main.storyboard; sourceTree = "<group>"; };
		CB41FBBC21FBF9000089B7D9 /* Assets.xcassets */ = {isa = PBXFileReference; lastKnownFileType = folder.assetcatalog; path = Assets.xcassets; sourceTree = "<group>"; };
		CB41FBBF21FBF9000089B7D9 /* Base */ = {isa = PBXFileReference; lastKnownFileType = file.storyboard; name = Base; path = Base.lproj/LaunchScreen.storyboard; sourceTree = "<group>"; };
		CB41FBC121FBF9000089B7D9 /* Info.plist */ = {isa = PBXFileReference; lastKnownFileType = text.plist.xml; path = Info.plist; sourceTree = "<group>"; };
		CB41FBC721FBF9710089B7D9 /* DatingViewController.swift */ = {isa = PBXFileReference; lastKnownFileType = sourcecode.swift; path = DatingViewController.swift; sourceTree = "<group>"; };
		CB41FBD521FCFD8F0089B7D9 /* tessdata */ = {isa = PBXFileReference; lastKnownFileType = folder; path = tessdata; sourceTree = "<group>"; };
/* End PBXFileReference section */

/* Begin PBXFrameworksBuildPhase section */
		CB41FBAF21FBF8FD0089B7D9 /* Frameworks */ = {
			isa = PBXFrameworksBuildPhase;
			buildActionMask = 2147483647;
			files = (
				CB34E7EAE109E80656DE0F51 /* Pods_speed_d8ting.framework in Frameworks */,
			);
			runOnlyForDeploymentPostprocessing = 0;
		};
/* End PBXFrameworksBuildPhase section */

/* Begin PBXGroup section */
		16B248FE20EC0F10FC61DB1E /* Frameworks */ = {
			isa = PBXGroup;
			children = (
				64B53DFB0CA8C79D720DEC29 /* Pods_speed_d8ting.framework */,
			);
			name = Frameworks;
			sourceTree = "<group>";
		};
		21E599E44BD82C75512FC1B9 /* Pods */ = {
			isa = PBXGroup;
			children = (
				A4E3E593F13AEDEFC2D7E954 /* Pods-speed_d8ting.debug.xcconfig */,
				85B3F29E83CA384570229EE0 /* Pods-speed_d8ting.release.xcconfig */,
			);
			name = Pods;
			sourceTree = "<group>";
		};
		CB41FBA921FBF8FD0089B7D9 = {
			isa = PBXGroup;
			children = (
				CB41FBB421FBF8FD0089B7D9 /* speed_d8ting */,
				CB41FBB321FBF8FD0089B7D9 /* Products */,
				21E599E44BD82C75512FC1B9 /* Pods */,
				16B248FE20EC0F10FC61DB1E /* Frameworks */,
			);
			sourceTree = "<group>";
		};
		CB41FBB321FBF8FD0089B7D9 /* Products */ = {
			isa = PBXGroup;
			children = (
				CB41FBB221FBF8FD0089B7D9 /* speed_d8ting.app */,
			);
			name = Products;
			sourceTree = "<group>";
		};
		CB41FBB421FBF8FD0089B7D9 /* speed_d8ting */ = {
			isa = PBXGroup;
			children = (
				CB41FBB521FBF8FD0089B7D9 /* AppDelegate.swift */,
				CB41FBB721FBF8FD0089B7D9 /* ViewController.swift */,
				CB41FBD521FCFD8F0089B7D9 /* tessdata */,
				CB41FBC721FBF9710089B7D9 /* DatingViewController.swift */,
				CB41FBB921FBF8FD0089B7D9 /* Main.storyboard */,
				CB41FBBC21FBF9000089B7D9 /* Assets.xcassets */,
				CB41FBBE21FBF9000089B7D9 /* LaunchScreen.storyboard */,
				CB41FBC121FBF9000089B7D9 /* Info.plist */,
			);
			path = speed_d8ting;
			sourceTree = "<group>";
		};
/* End PBXGroup section */

/* Begin PBXNativeTarget section */
		CB41FBB121FBF8FD0089B7D9 /* speed_d8ting */ = {
			isa = PBXNativeTarget;
			buildConfigurationList = CB41FBC421FBF9000089B7D9 /* Build configuration list for PBXNativeTarget "speed_d8ting" */;
			buildPhases = (
				8350ABE6B9BB64457D42E14E /* [CP] Check Pods Manifest.lock */,
				CB41FBAE21FBF8FD0089B7D9 /* Sources */,
				CB41FBAF21FBF8FD0089B7D9 /* Frameworks */,
				CB41FBB021FBF8FD0089B7D9 /* Resources */,
				69842D0E25F7EBCBEB056C0E /* [CP] Embed Pods Frameworks */,
			);
			buildRules = (
			);
			dependencies = (
			);
			name = speed_d8ting;
			productName = speed_d8ting;
			productReference = CB41FBB221FBF8FD0089B7D9 /* speed_d8ting.app */;
			productType = "com.apple.product-type.application";
		};
/* End PBXNativeTarget section */

/* Begin PBXProject section */
		CB41FBAA21FBF8FD0089B7D9 /* Project object */ = {
			isa = PBXProject;
			attributes = {
				LastSwiftUpdateCheck = 1010;
				LastUpgradeCheck = 1010;
				ORGANIZATIONNAME = "Nur Iren";
				TargetAttributes = {
					CB41FBB121FBF8FD0089B7D9 = {
						CreatedOnToolsVersion = 10.1;
					};
				};
			};
			buildConfigurationList = CB41FBAD21FBF8FD0089B7D9 /* Build configuration list for PBXProject "speed_d8ting" */;
			compatibilityVersion = "Xcode 9.3";
			developmentRegion = en;
			hasScannedForEncodings = 0;
			knownRegions = (
				en,
				Base,
			);
			mainGroup = CB41FBA921FBF8FD0089B7D9;
			productRefGroup = CB41FBB321FBF8FD0089B7D9 /* Products */;
			projectDirPath = "";
			projectRoot = "";
			targets = (
				CB41FBB121FBF8FD0089B7D9 /* speed_d8ting */,
			);
		};
/* End PBXProject section */

/* Begin PBXResourcesBuildPhase section */
		CB41FBB021FBF8FD0089B7D9 /* Resources */ = {
			isa = PBXResourcesBuildPhase;
			buildActionMask = 2147483647;
			files = (
				CB41FBC021FBF9000089B7D9 /* LaunchScreen.storyboard in Resources */,
				CB41FBD621FCFD8F0089B7D9 /* tessdata in Resources */,
				CB41FBBD21FBF9000089B7D9 /* Assets.xcassets in Resources */,
				CB41FBBB21FBF8FD0089B7D9 /* Main.storyboard in Resources */,
			);
			runOnlyForDeploymentPostprocessing = 0;
		};
/* End PBXResourcesBuildPhase section */

/* Begin PBXShellScriptBuildPhase section */
		69842D0E25F7EBCBEB056C0E /* [CP] Embed Pods Frameworks */ = {
			isa = PBXShellScriptBuildPhase;
			buildActionMask = 2147483647;
			files = (
			);
			inputPaths = (
				"${SRCROOT}/Pods/Target Support Files/Pods-speed_d8ting/Pods-speed_d8ting-frameworks.sh",
				"${BUILT_PRODUCTS_DIR}/TesseractOCRiOS/TesseractOCR.framework",
			);
			name = "[CP] Embed Pods Frameworks";
			outputPaths = (
				"${TARGET_BUILD_DIR}/${FRAMEWORKS_FOLDER_PATH}/TesseractOCR.framework",
			);
			runOnlyForDeploymentPostprocessing = 0;
			shellPath = /bin/sh;
			shellScript = "\"${SRCROOT}/Pods/Target Support Files/Pods-speed_d8ting/Pods-speed_d8ting-frameworks.sh\"\n";
			showEnvVarsInLog = 0;
		};
		8350ABE6B9BB64457D42E14E /* [CP] Check Pods Manifest.lock */ = {
			isa = PBXShellScriptBuildPhase;
			buildActionMask = 2147483647;
			files = (
			);
			inputPaths = (
				"${PODS_PODFILE_DIR_PATH}/Podfile.lock",
				"${PODS_ROOT}/Manifest.lock",
			);
			name = "[CP] Check Pods Manifest.lock";
			outputPaths = (
				"$(DERIVED_FILE_DIR)/Pods-speed_d8ting-checkManifestLockResult.txt",
			);
			runOnlyForDeploymentPostprocessing = 0;
			shellPath = /bin/sh;
			shellScript = "diff \"${PODS_PODFILE_DIR_PATH}/Podfile.lock\" \"${PODS_ROOT}/Manifest.lock\" > /dev/null\nif [ $? != 0 ] ; then\n    # print error to STDERR\n    echo \"error: The sandbox is not in sync with the Podfile.lock. Run 'pod install' or update your CocoaPods installation.\" >&2\n    exit 1\nfi\n# This output is used by Xcode 'outputs' to avoid re-running this script phase.\necho \"SUCCESS\" > \"${SCRIPT_OUTPUT_FILE_0}\"\n";
			showEnvVarsInLog = 0;
		};
/* End PBXShellScriptBuildPhase section */

/* Begin PBXSourcesBuildPhase section */
		CB41FBAE21FBF8FD0089B7D9 /* Sources */ = {
			isa = PBXSourcesBuildPhase;
			buildActionMask = 2147483647;
			files = (
				CB41FBB821FBF8FD0089B7D9 /* ViewController.swift in Sources */,
				CB41FBB621FBF8FD0089B7D9 /* AppDelegate.swift in Sources */,
				CB41FBC821FBF9710089B7D9 /* DatingViewController.swift in Sources */,
			);
			runOnlyForDeploymentPostprocessing = 0;
		};
/* End PBXSourcesBuildPhase section */

/* Begin PBXVariantGroup section */
		CB41FBB921FBF8FD0089B7D9 /* Main.storyboard */ = {
			isa = PBXVariantGroup;
			children = (
				CB41FBBA21FBF8FD0089B7D9 /* Base */,
			);
			name = Main.storyboard;
			sourceTree = "<group>";
		};
		CB41FBBE21FBF9000089B7D9 /* LaunchScreen.storyboard */ = {
			isa = PBXVariantGroup;
			children = (
				CB41FBBF21FBF9000089B7D9 /* Base */,
			);
			name = LaunchScreen.storyboard;
			sourceTree = "<group>";
		};
/* End PBXVariantGroup section */

/* Begin XCBuildConfiguration section */
		CB41FBC221FBF9000089B7D9 /* Debug */ = {
			isa = XCBuildConfiguration;
			buildSettings = {
				ALWAYS_SEARCH_USER_PATHS = NO;
				CLANG_ANALYZER_NONNULL = YES;
				CLANG_ANALYZER_NUMBER_OBJECT_CONVERSION = YES_AGGRESSIVE;
				CLANG_CXX_LANGUAGE_STANDARD = "gnu++14";
				CLANG_CXX_LIBRARY = "libc++";
				CLANG_ENABLE_MODULES = YES;
				CLANG_ENABLE_OBJC_ARC = YES;
				CLANG_ENABLE_OBJC_WEAK = YES;
				CLANG_WARN_BLOCK_CAPTURE_AUTORELEASING = YES;
				CLANG_WARN_BOOL_CONVERSION = YES;
				CLANG_WARN_COMMA = YES;
				CLANG_WARN_CONSTANT_CONVERSION = YES;
				CLANG_WARN_DEPRECATED_OBJC_IMPLEMENTATIONS = YES;
				CLANG_WARN_DIRECT_OBJC_ISA_USAGE = YES_ERROR;
				CLANG_WARN_DOCUMENTATION_COMMENTS = YES;
				CLANG_WARN_EMPTY_BODY = YES;
				CLANG_WARN_ENUM_CONVERSION = YES;
				CLANG_WARN_INFINITE_RECURSION = YES;
				CLANG_WARN_INT_CONVERSION = YES;
				CLANG_WARN_NON_LITERAL_NULL_CONVERSION = YES;
				CLANG_WARN_OBJC_IMPLICIT_RETAIN_SELF = YES;
				CLANG_WARN_OBJC_LITERAL_CONVERSION = YES;
				CLANG_WARN_OBJC_ROOT_CLASS = YES_ERROR;
				CLANG_WARN_RANGE_LOOP_ANALYSIS = YES;
				CLANG_WARN_STRICT_PROTOTYPES = YES;
				CLANG_WARN_SUSPICIOUS_MOVE = YES;
				CLANG_WARN_UNGUARDED_AVAILABILITY = YES_AGGRESSIVE;
				CLANG_WARN_UNREACHABLE_CODE = YES;
				CLANG_WARN__DUPLICATE_METHOD_MATCH = YES;
				CODE_SIGN_IDENTITY = "iPhone Developer";
				COPY_PHASE_STRIP = NO;
				DEBUG_INFORMATION_FORMAT = dwarf;
				ENABLE_BITCODE = NO;
				ENABLE_STRICT_OBJC_MSGSEND = YES;
				ENABLE_TESTABILITY = YES;
				GCC_C_LANGUAGE_STANDARD = gnu11;
				GCC_DYNAMIC_NO_PIC = NO;
				GCC_NO_COMMON_BLOCKS = YES;
				GCC_OPTIMIZATION_LEVEL = 0;
				GCC_PREPROCESSOR_DEFINITIONS = (
					"DEBUG=1",
					"$(inherited)",
				);
				GCC_WARN_64_TO_32_BIT_CONVERSION = YES;
				GCC_WARN_ABOUT_RETURN_TYPE = YES_ERROR;
				GCC_WARN_UNDECLARED_SELECTOR = YES;
				GCC_WARN_UNINITIALIZED_AUTOS = YES_AGGRESSIVE;
				GCC_WARN_UNUSED_FUNCTION = YES;
				GCC_WARN_UNUSED_VARIABLE = YES;
				IPHONEOS_DEPLOYMENT_TARGET = 12.1;
				MTL_ENABLE_DEBUG_INFO = INCLUDE_SOURCE;
				MTL_FAST_MATH = YES;
				ONLY_ACTIVE_ARCH = YES;
				SDKROOT = iphoneos;
				SWIFT_ACTIVE_COMPILATION_CONDITIONS = DEBUG;
				SWIFT_OPTIMIZATION_LEVEL = "-Onone";
			};
			name = Debug;
		};
		CB41FBC321FBF9000089B7D9 /* Release */ = {
			isa = XCBuildConfiguration;
			buildSettings = {
				ALWAYS_SEARCH_USER_PATHS = NO;
				CLANG_ANALYZER_NONNULL = YES;
				CLANG_ANALYZER_NUMBER_OBJECT_CONVERSION = YES_AGGRESSIVE;
				CLANG_CXX_LANGUAGE_STANDARD = "gnu++14";
				CLANG_CXX_LIBRARY = "libc++";
				CLANG_ENABLE_MODULES = YES;
				CLANG_ENABLE_OBJC_ARC = YES;
				CLANG_ENABLE_OBJC_WEAK = YES;
				CLANG_WARN_BLOCK_CAPTURE_AUTORELEASING = YES;
				CLANG_WARN_BOOL_CONVERSION = YES;
				CLANG_WARN_COMMA = YES;
				CLANG_WARN_CONSTANT_CONVERSION = YES;
				CLANG_WARN_DEPRECATED_OBJC_IMPLEMENTATIONS = YES;
				CLANG_WARN_DIRECT_OBJC_ISA_USAGE = YES_ERROR;
				CLANG_WARN_DOCUMENTATION_COMMENTS = YES;
				CLANG_WARN_EMPTY_BODY = YES;
				CLANG_WARN_ENUM_CONVERSION = YES;
				CLANG_WARN_INFINITE_RECURSION = YES;
				CLANG_WARN_INT_CONVERSION = YES;
				CLANG_WARN_NON_LITERAL_NULL_CONVERSION = YES;
				CLANG_WARN_OBJC_IMPLICIT_RETAIN_SELF = YES;
				CLANG_WARN_OBJC_LITERAL_CONVERSION = YES;
				CLANG_WARN_OBJC_ROOT_CLASS = YES_ERROR;
				CLANG_WARN_RANGE_LOOP_ANALYSIS = YES;
				CLANG_WARN_STRICT_PROTOTYPES = YES;
				CLANG_WARN_SUSPICIOUS_MOVE = YES;
				CLANG_WARN_UNGUARDED_AVAILABILITY = YES_AGGRESSIVE;
				CLANG_WARN_UNREACHABLE_CODE = YES;
				CLANG_WARN__DUPLICATE_METHOD_MATCH = YES;
				CODE_SIGN_IDENTITY = "iPhone Developer";
				COPY_PHASE_STRIP = NO;
				DEBUG_INFORMATION_FORMAT = "dwarf-with-dsym";
				ENABLE_BITCODE = NO;
				ENABLE_NS_ASSERTIONS = NO;
				ENABLE_STRICT_OBJC_MSGSEND = YES;
				GCC_C_LANGUAGE_STANDARD = gnu11;
				GCC_NO_COMMON_BLOCKS = YES;
				GCC_WARN_64_TO_32_BIT_CONVERSION = YES;
				GCC_WARN_ABOUT_RETURN_TYPE = YES_ERROR;
				GCC_WARN_UNDECLARED_SELECTOR = YES;
				GCC_WARN_UNINITIALIZED_AUTOS = YES_AGGRESSIVE;
				GCC_WARN_UNUSED_FUNCTION = YES;
				GCC_WARN_UNUSED_VARIABLE = YES;
				IPHONEOS_DEPLOYMENT_TARGET = 12.1;
				MTL_ENABLE_DEBUG_INFO = NO;
				MTL_FAST_MATH = YES;
				SDKROOT = iphoneos;
				SWIFT_COMPILATION_MODE = wholemodule;
				SWIFT_OPTIMIZATION_LEVEL = "-O";
				VALIDATE_PRODUCT = YES;
			};
			name = Release;
		};
		CB41FBC521FBF9000089B7D9 /* Debug */ = {
			isa = XCBuildConfiguration;
			baseConfigurationReference = A4E3E593F13AEDEFC2D7E954 /* Pods-speed_d8ting.debug.xcconfig */;
			buildSettings = {
				ASSETCATALOG_COMPILER_APPICON_NAME = AppIcon;
				CODE_SIGN_STYLE = Automatic;
				DEVELOPMENT_TEAM = 96Y3NLX4E3;
				ENABLE_BITCODE = NO;
				INFOPLIST_FILE = speed_d8ting/Info.plist;
				IPHONEOS_DEPLOYMENT_TARGET = 12.1;
				LD_RUNPATH_SEARCH_PATHS = (
					"$(inherited)",
					"@executable_path/Frameworks",
				);
				PRODUCT_BUNDLE_IDENTIFIER = "com.nur.speed-d8ting";
				PRODUCT_NAME = "$(TARGET_NAME)";
				SWIFT_VERSION = 4.2;
				TARGETED_DEVICE_FAMILY = "1,2";
			};
			name = Debug;
		};
		CB41FBC621FBF9000089B7D9 /* Release */ = {
			isa = XCBuildConfiguration;
			baseConfigurationReference = 85B3F29E83CA384570229EE0 /* Pods-speed_d8ting.release.xcconfig */;
			buildSettings = {
				ASSETCATALOG_COMPILER_APPICON_NAME = AppIcon;
				CODE_SIGN_STYLE = Automatic;
				DEVELOPMENT_TEAM = 96Y3NLX4E3;
				ENABLE_BITCODE = NO;
				INFOPLIST_FILE = speed_d8ting/Info.plist;
				IPHONEOS_DEPLOYMENT_TARGET = 12.1;
				LD_RUNPATH_SEARCH_PATHS = (
					"$(inherited)",
					"@executable_path/Frameworks",
				);
				PRODUCT_BUNDLE_IDENTIFIER = "com.nur.speed-d8ting";
				PRODUCT_NAME = "$(TARGET_NAME)";
				SWIFT_VERSION = 4.2;
				TARGETED_DEVICE_FAMILY = "1,2";
			};
			name = Release;
		};
/* End XCBuildConfiguration section */

/* Begin XCConfigurationList section */
		CB41FBAD21FBF8FD0089B7D9 /* Build configuration list for PBXProject "speed_d8ting" */ = {
			isa = XCConfigurationList;
			buildConfigurations = (
				CB41FBC221FBF9000089B7D9 /* Debug */,
				CB41FBC321FBF9000089B7D9 /* Release */,
			);
			defaultConfigurationIsVisible = 0;
			defaultConfigurationName = Release;
		};
		CB41FBC421FBF9000089B7D9 /* Build configuration list for PBXNativeTarget "speed_d8ting" */ = {
			isa = XCConfigurationList;
			buildConfigurations = (
				CB41FBC521FBF9000089B7D9 /* Debug */,
				CB41FBC621FBF9000089B7D9 /* Release */,
			);
			defaultConfigurationIsVisible = 0;
			defaultConfigurationName = Release;
		};
/* End XCConfigurationList section */
	};
	rootObject = CB41FBAA21FBF8FD0089B7D9 /* Project object */;
}
